
Microsoft Visual Studio Solution File, Format Version 12.00
# Visual Studio Version 17
VisualStudioVersion = 17.4.33213.308
MinimumVisualStudioVersion = 10.0.40219.1
Project("{FAE04EC0-301F-11D3-BF4B-00C04F79EFBC}") = "BansLibraryApi", "BansLibraryApi\BansLibraryApi.csproj", "{12B2DE05-A181-41B3-ABEE-8313099D19D4}"
EndProject
Project("{FAE04EC0-301F-11D3-BF4B-00C04F79EFBC}") = "BansLibrary.Core", "BansLibrary.Core\BansLibrary.Core.csproj", "{5BCDC36A-32D3-4B17-9C8E-E46AD09AE92E}"
EndProject
Project("{FAE04EC0-301F-11D3-BF4B-00C04F79EFBC}") = "BansLibrary.Infrastructure", "BansLibrary.Infrastructure\BansLibrary.Infrastructure.csproj", "{14E250B8-CCB6-4F4F-91F2-BBAF1D3AC010}"
EndProject
Global
	GlobalSection(SolutionConfigurationPlatforms) = preSolution
		Debug|Any CPU = Debug|Any CPU
		Release|Any CPU = Release|Any CPU
	EndGlobalSection
	GlobalSection(ProjectConfigurationPlatforms) = postSolution
		{12B2DE05-A181-41B3-ABEE-8313099D19D4}.Debug|Any CPU.ActiveCfg = Debug|Any CPU
		{12B2DE05-A181-41B3-ABEE-8313099D19D4}.Debug|Any CPU.Build.0 = Debug|Any CPU
		{12B2DE05-A181-41B3-ABEE-8313099D19D4}.Release|Any CPU.ActiveCfg = Release|Any CPU
		{12B2DE05-A181-41B3-ABEE-8313099D19D4}.Release|Any CPU.Build.0 = Release|Any CPU
		{5BCDC36A-32D3-4B17-9C8E-E46AD09AE92E}.Debug|Any CPU.ActiveCfg = Debug|Any CPU
		{5BCDC36A-32D3-4B17-9C8E-E46AD09AE92E}.Debug|Any CPU.Build.0 = Debug|Any CPU
		{5BCDC36A-32D3-4B17-9C8E-E46AD09AE92E}.Release|Any CPU.ActiveCfg = Release|Any CPU
		{5BCDC36A-32D3-4B17-9C8E-E46AD09AE92E}.Release|Any CPU.Build.0 = Release|Any CPU
		{14E250B8-CCB6-4F4F-91F2-BBAF1D3AC010}.Debug|Any CPU.ActiveCfg = Debug|Any CPU
		{14E250B8-CCB6-4F4F-91F2-BBAF1D3AC010}.Debug|Any CPU.Build.0 = Debug|Any CPU
		{14E250B8-CCB6-4F4F-91F2-BBAF1D3AC010}.Release|Any CPU.ActiveCfg = Release|Any CPU
		{14E250B8-CCB6-4F4F-91F2-BBAF1D3AC010}.Release|Any CPU.Build.0 = Release|Any CPU
	EndGlobalSection
	GlobalSection(SolutionProperties) = preSolution
		HideSolutionNode = FALSE
	EndGlobalSection
	GlobalSection(ExtensibilityGlobals) = postSolution
		SolutionGuid = {FC059DCC-A9C6-47ED-BF72-2F70069092CF}
	EndGlobalSection
EndGlobal
